
Microsoft Visual Studio Solution File, Format Version 12.00
# Visual Studio Version 17
VisualStudioVersion = 17.0.31919.166
MinimumVisualStudioVersion = 10.0.40219.1
Project("{9A19103F-16F7-4668-BE54-9A1E7A4F7556}") = "DataPetriNetOnSmt", "DataPetriNetOnSmt\DataPetriNetOnSmt.csproj", "{F76B2DA4-35E8-4127-9350-87F7A6C938BE}"
EndProject
Project("{9A19103F-16F7-4668-BE54-9A1E7A4F7556}") = "DataPetriNetOnSmt.Tests", "DataPetriNetOnSmt.Tests\DataPetriNetOnSmt.Tests.csproj", "{CCA5638A-4561-4CCB-9904-7A5163681538}"
EndProject
Project("{9A19103F-16F7-4668-BE54-9A1E7A4F7556}") = "DataPetriNetOnSmt.Visualization", "DataPetriNetOnSmt.Visualization\DataPetriNetOnSmt.Visualization.csproj", "{675C092D-7139-47D6-AA77-3AEE7B263100}"
EndProject
Project("{9A19103F-16F7-4668-BE54-9A1E7A4F7556}") = "DataPetriNetGeneration", "DataPetriNetGeneration\DataPetriNetGeneration.csproj", "{747EEDAD-7C8E-4AB2-9D16-0BF7FF664395}"
EndProject
Project("{9A19103F-16F7-4668-BE54-9A1E7A4F7556}") = "DataPetriNetIterativeVerificationApplication", "DataPetriNetIterativeVerificationApplication\DataPetriNetIterativeVerificationApplication.csproj", "{F1A65E68-B269-4CD6-B1E5-A7513F6847DE}"
EndProject
Project("{9A19103F-16F7-4668-BE54-9A1E7A4F7556}") = "DataPetriNetParsers", "ToGraphParser\DataPetriNetParsers.csproj", "{3405D568-157D-47B7-B592-F3D59AE1EB6A}"
EndProject
Project("{9A19103F-16F7-4668-BE54-9A1E7A4F7556}") = "DataPetriNetVerificationApplication", "DataPetriNetVerificationApplication\DataPetriNetVerificationApplication.csproj", "{5C7B2000-3119-4A16-811D-433FAED64C0A}"
EndProject
Project("{9A19103F-16F7-4668-BE54-9A1E7A4F7556}") = "DataPetriNetVerificationDomain", "DataPetriNetVerificationDomain\DataPetriNetVerificationDomain.csproj", "{428C3071-124C-4A23-B986-D2ABFEE257BC}"
EndProject
Global
	GlobalSection(SolutionConfigurationPlatforms) = preSolution
		Debug|Any CPU = Debug|Any CPU
		Debug|x64 = Debug|x64
		Debug|x86 = Debug|x86
		Release|Any CPU = Release|Any CPU
		Release|x64 = Release|x64
		Release|x86 = Release|x86
	EndGlobalSection
	GlobalSection(ProjectConfigurationPlatforms) = postSolution
		{F76B2DA4-35E8-4127-9350-87F7A6C938BE}.Debug|Any CPU.ActiveCfg = Debug|Any CPU
		{F76B2DA4-35E8-4127-9350-87F7A6C938BE}.Debug|Any CPU.Build.0 = Debug|Any CPU
		{F76B2DA4-35E8-4127-9350-87F7A6C938BE}.Debug|x64.ActiveCfg = Debug|x64
		{F76B2DA4-35E8-4127-9350-87F7A6C938BE}.Debug|x64.Build.0 = Debug|x64
		{F76B2DA4-35E8-4127-9350-87F7A6C938BE}.Debug|x86.ActiveCfg = Debug|Any CPU
		{F76B2DA4-35E8-4127-9350-87F7A6C938BE}.Debug|x86.Build.0 = Debug|Any CPU
		{F76B2DA4-35E8-4127-9350-87F7A6C938BE}.Release|Any CPU.ActiveCfg = Release|Any CPU
		{F76B2DA4-35E8-4127-9350-87F7A6C938BE}.Release|Any CPU.Build.0 = Release|Any CPU
		{F76B2DA4-35E8-4127-9350-87F7A6C938BE}.Release|x64.ActiveCfg = Release|x64
		{F76B2DA4-35E8-4127-9350-87F7A6C938BE}.Release|x64.Build.0 = Release|x64
		{F76B2DA4-35E8-4127-9350-87F7A6C938BE}.Release|x86.ActiveCfg = Release|Any CPU
		{F76B2DA4-35E8-4127-9350-87F7A6C938BE}.Release|x86.Build.0 = Release|Any CPU
		{CCA5638A-4561-4CCB-9904-7A5163681538}.Debug|Any CPU.ActiveCfg = Debug|Any CPU
		{CCA5638A-4561-4CCB-9904-7A5163681538}.Debug|Any CPU.Build.0 = Debug|Any CPU
		{CCA5638A-4561-4CCB-9904-7A5163681538}.Debug|x64.ActiveCfg = Debug|x64
		{CCA5638A-4561-4CCB-9904-7A5163681538}.Debug|x64.Build.0 = Debug|x64
		{CCA5638A-4561-4CCB-9904-7A5163681538}.Debug|x86.ActiveCfg = Debug|Any CPU
		{CCA5638A-4561-4CCB-9904-7A5163681538}.Debug|x86.Build.0 = Debug|Any CPU
		{CCA5638A-4561-4CCB-9904-7A5163681538}.Release|Any CPU.ActiveCfg = Release|Any CPU
		{CCA5638A-4561-4CCB-9904-7A5163681538}.Release|Any CPU.Build.0 = Release|Any CPU
		{CCA5638A-4561-4CCB-9904-7A5163681538}.Release|x64.ActiveCfg = Release|x64
		{CCA5638A-4561-4CCB-9904-7A5163681538}.Release|x64.Build.0 = Release|x64
		{CCA5638A-4561-4CCB-9904-7A5163681538}.Release|x86.ActiveCfg = Release|Any CPU
		{CCA5638A-4561-4CCB-9904-7A5163681538}.Release|x86.Build.0 = Release|Any CPU
		{675C092D-7139-47D6-AA77-3AEE7B263100}.Debug|Any CPU.ActiveCfg = Debug|Any CPU
		{675C092D-7139-47D6-AA77-3AEE7B263100}.Debug|Any CPU.Build.0 = Debug|Any CPU
		{675C092D-7139-47D6-AA77-3AEE7B263100}.Debug|x64.ActiveCfg = Debug|x64
		{675C092D-7139-47D6-AA77-3AEE7B263100}.Debug|x64.Build.0 = Debug|x64
		{675C092D-7139-47D6-AA77-3AEE7B263100}.Debug|x86.ActiveCfg = Debug|Any CPU
		{675C092D-7139-47D6-AA77-3AEE7B263100}.Debug|x86.Build.0 = Debug|Any CPU
		{675C092D-7139-47D6-AA77-3AEE7B263100}.Release|Any CPU.ActiveCfg = Release|Any CPU
		{675C092D-7139-47D6-AA77-3AEE7B263100}.Release|Any CPU.Build.0 = Release|Any CPU
		{675C092D-7139-47D6-AA77-3AEE7B263100}.Release|x64.ActiveCfg = Release|x64
		{675C092D-7139-47D6-AA77-3AEE7B263100}.Release|x64.Build.0 = Release|x64
		{675C092D-7139-47D6-AA77-3AEE7B263100}.Release|x86.ActiveCfg = Release|Any CPU
		{675C092D-7139-47D6-AA77-3AEE7B263100}.Release|x86.Build.0 = Release|Any CPU
		{747EEDAD-7C8E-4AB2-9D16-0BF7FF664395}.Debug|Any CPU.ActiveCfg = Debug|Any CPU
		{747EEDAD-7C8E-4AB2-9D16-0BF7FF664395}.Debug|Any CPU.Build.0 = Debug|Any CPU
		{747EEDAD-7C8E-4AB2-9D16-0BF7FF664395}.Debug|x64.ActiveCfg = Debug|x64
		{747EEDAD-7C8E-4AB2-9D16-0BF7FF664395}.Debug|x64.Build.0 = Debug|x64
		{747EEDAD-7C8E-4AB2-9D16-0BF7FF664395}.Debug|x86.ActiveCfg = Debug|x86
		{747EEDAD-7C8E-4AB2-9D16-0BF7FF664395}.Debug|x86.Build.0 = Debug|x86
		{747EEDAD-7C8E-4AB2-9D16-0BF7FF664395}.Release|Any CPU.ActiveCfg = Release|Any CPU
		{747EEDAD-7C8E-4AB2-9D16-0BF7FF664395}.Release|Any CPU.Build.0 = Release|Any CPU
		{747EEDAD-7C8E-4AB2-9D16-0BF7FF664395}.Release|x64.ActiveCfg = Release|x64
		{747EEDAD-7C8E-4AB2-9D16-0BF7FF664395}.Release|x64.Build.0 = Release|x64
		{747EEDAD-7C8E-4AB2-9D16-0BF7FF664395}.Release|x86.ActiveCfg = Release|x86
		{747EEDAD-7C8E-4AB2-9D16-0BF7FF664395}.Release|x86.Build.0 = Release|x86
		{F1A65E68-B269-4CD6-B1E5-A7513F6847DE}.Debug|Any CPU.ActiveCfg = Debug|Any CPU
		{F1A65E68-B269-4CD6-B1E5-A7513F6847DE}.Debug|Any CPU.Build.0 = Debug|Any CPU
		{F1A65E68-B269-4CD6-B1E5-A7513F6847DE}.Debug|x64.ActiveCfg = Debug|x64
		{F1A65E68-B269-4CD6-B1E5-A7513F6847DE}.Debug|x64.Build.0 = Debug|x64
		{F1A65E68-B269-4CD6-B1E5-A7513F6847DE}.Debug|x86.ActiveCfg = Debug|x86
		{F1A65E68-B269-4CD6-B1E5-A7513F6847DE}.Debug|x86.Build.0 = Debug|x86
		{F1A65E68-B269-4CD6-B1E5-A7513F6847DE}.Release|Any CPU.ActiveCfg = Release|Any CPU
		{F1A65E68-B269-4CD6-B1E5-A7513F6847DE}.Release|Any CPU.Build.0 = Release|Any CPU
		{F1A65E68-B269-4CD6-B1E5-A7513F6847DE}.Release|x64.ActiveCfg = Release|x64
		{F1A65E68-B269-4CD6-B1E5-A7513F6847DE}.Release|x64.Build.0 = Release|x64
		{F1A65E68-B269-4CD6-B1E5-A7513F6847DE}.Release|x86.ActiveCfg = Release|x86
		{F1A65E68-B269-4CD6-B1E5-A7513F6847DE}.Release|x86.Build.0 = Release|x86
		{3405D568-157D-47B7-B592-F3D59AE1EB6A}.Debug|Any CPU.ActiveCfg = Debug|Any CPU
		{3405D568-157D-47B7-B592-F3D59AE1EB6A}.Debug|Any CPU.Build.0 = Debug|Any CPU
		{3405D568-157D-47B7-B592-F3D59AE1EB6A}.Debug|x64.ActiveCfg = Debug|Any CPU
		{3405D568-157D-47B7-B592-F3D59AE1EB6A}.Debug|x64.Build.0 = Debug|Any CPU
		{3405D568-157D-47B7-B592-F3D59AE1EB6A}.Debug|x86.ActiveCfg = Debug|Any CPU
		{3405D568-157D-47B7-B592-F3D59AE1EB6A}.Debug|x86.Build.0 = Debug|Any CPU
		{3405D568-157D-47B7-B592-F3D59AE1EB6A}.Release|Any CPU.ActiveCfg = Release|Any CPU
		{3405D568-157D-47B7-B592-F3D59AE1EB6A}.Release|Any CPU.Build.0 = Release|Any CPU
		{3405D568-157D-47B7-B592-F3D59AE1EB6A}.Release|x64.ActiveCfg = Release|Any CPU
		{3405D568-157D-47B7-B592-F3D59AE1EB6A}.Release|x64.Build.0 = Release|Any CPU
		{3405D568-157D-47B7-B592-F3D59AE1EB6A}.Release|x86.ActiveCfg = Release|Any CPU
		{3405D568-157D-47B7-B592-F3D59AE1EB6A}.Release|x86.Build.0 = Release|Any CPU
		{5C7B2000-3119-4A16-811D-433FAED64C0A}.Debug|Any CPU.ActiveCfg = Debug|Any CPU
		{5C7B2000-3119-4A16-811D-433FAED64C0A}.Debug|Any CPU.Build.0 = Debug|Any CPU
		{5C7B2000-3119-4A16-811D-433FAED64C0A}.Debug|x64.ActiveCfg = Debug|x64
		{5C7B2000-3119-4A16-811D-433FAED64C0A}.Debug|x64.Build.0 = Debug|x64
		{5C7B2000-3119-4A16-811D-433FAED64C0A}.Debug|x86.ActiveCfg = Debug|Any CPU
		{5C7B2000-3119-4A16-811D-433FAED64C0A}.Debug|x86.Build.0 = Debug|Any CPU
		{5C7B2000-3119-4A16-811D-433FAED64C0A}.Release|Any CPU.ActiveCfg = Release|Any CPU
		{5C7B2000-3119-4A16-811D-433FAED64C0A}.Release|Any CPU.Build.0 = Release|Any CPU
		{5C7B2000-3119-4A16-811D-433FAED64C0A}.Release|x64.ActiveCfg = Release|x64
		{5C7B2000-3119-4A16-811D-433FAED64C0A}.Release|x64.Build.0 = Release|x64
		{5C7B2000-3119-4A16-811D-433FAED64C0A}.Release|x86.ActiveCfg = Release|Any CPU
		{5C7B2000-3119-4A16-811D-433FAED64C0A}.Release|x86.Build.0 = Release|Any CPU
		{428C3071-124C-4A23-B986-D2ABFEE257BC}.Debug|Any CPU.ActiveCfg = Debug|Any CPU
		{428C3071-124C-4A23-B986-D2ABFEE257BC}.Debug|Any CPU.Build.0 = Debug|Any CPU
		{428C3071-124C-4A23-B986-D2ABFEE257BC}.Debug|x64.ActiveCfg = Debug|Any CPU
		{428C3071-124C-4A23-B986-D2ABFEE257BC}.Debug|x64.Build.0 = Debug|Any CPU
		{428C3071-124C-4A23-B986-D2ABFEE257BC}.Debug|x86.ActiveCfg = Debug|Any CPU
		{428C3071-124C-4A23-B986-D2ABFEE257BC}.Debug|x86.Build.0 = Debug|Any CPU
		{428C3071-124C-4A23-B986-D2ABFEE257BC}.Release|Any CPU.ActiveCfg = Release|Any CPU
		{428C3071-124C-4A23-B986-D2ABFEE257BC}.Release|Any CPU.Build.0 = Release|Any CPU
		{428C3071-124C-4A23-B986-D2ABFEE257BC}.Release|x64.ActiveCfg = Release|Any CPU
		{428C3071-124C-4A23-B986-D2ABFEE257BC}.Release|x64.Build.0 = Release|Any CPU
		{428C3071-124C-4A23-B986-D2ABFEE257BC}.Release|x86.ActiveCfg = Release|Any CPU
		{428C3071-124C-4A23-B986-D2ABFEE257BC}.Release|x86.Build.0 = Release|Any CPU
	EndGlobalSection
	GlobalSection(SolutionProperties) = preSolution
		HideSolutionNode = FALSE
	EndGlobalSection
	GlobalSection(ExtensibilityGlobals) = postSolution
		SolutionGuid = {E5331010-8D08-4303-BEAE-EADBAE141EB0}
	EndGlobalSection
EndGlobal
