
Microsoft Visual Studio Solution File, Format Version 12.00
# Visual Studio Version 17
VisualStudioVersion = 17.0.31919.166
MinimumVisualStudioVersion = 10.0.40219.1
Project("{9A19103F-16F7-4668-BE54-9A1E7A4F7556}") = "DataPetriNet", "DataPetriNet\DataPetriNet.csproj", "{236F4692-0286-4D05-9D29-B39EA4730F64}"
EndProject
Project("{9A19103F-16F7-4668-BE54-9A1E7A4F7556}") = "DataPetriNet.Tests", "DataPetriNet.Tests\DataPetriNet.Tests.csproj", "{19A03AA8-7B96-4284-9BE1-34E4D4ACC55D}"
EndProject
Project("{FAE04EC0-301F-11D3-BF4B-00C04F79EFBC}") = "DataPetriNetOnSmt", "DataPetriNetOnSmt\DataPetriNetOnSmt.csproj", "{F76B2DA4-35E8-4127-9350-87F7A6C938BE}"
EndProject
Project("{FAE04EC0-301F-11D3-BF4B-00C04F79EFBC}") = "DataPetriNetOnSmt.Tests", "DataPetriNetOnSmt.Tests\DataPetriNetOnSmt.Tests.csproj", "{CCA5638A-4561-4CCB-9904-7A5163681538}"
EndProject
Global
	GlobalSection(SolutionConfigurationPlatforms) = preSolution
		Debug|Any CPU = Debug|Any CPU
		Release|Any CPU = Release|Any CPU
	EndGlobalSection
	GlobalSection(ProjectConfigurationPlatforms) = postSolution
		{236F4692-0286-4D05-9D29-B39EA4730F64}.Debug|Any CPU.ActiveCfg = Debug|Any CPU
		{236F4692-0286-4D05-9D29-B39EA4730F64}.Debug|Any CPU.Build.0 = Debug|Any CPU
		{236F4692-0286-4D05-9D29-B39EA4730F64}.Release|Any CPU.ActiveCfg = Release|Any CPU
		{236F4692-0286-4D05-9D29-B39EA4730F64}.Release|Any CPU.Build.0 = Release|Any CPU
		{19A03AA8-7B96-4284-9BE1-34E4D4ACC55D}.Debug|Any CPU.ActiveCfg = Debug|Any CPU
		{19A03AA8-7B96-4284-9BE1-34E4D4ACC55D}.Debug|Any CPU.Build.0 = Debug|Any CPU
		{19A03AA8-7B96-4284-9BE1-34E4D4ACC55D}.Release|Any CPU.ActiveCfg = Release|Any CPU
		{19A03AA8-7B96-4284-9BE1-34E4D4ACC55D}.Release|Any CPU.Build.0 = Release|Any CPU
		{F76B2DA4-35E8-4127-9350-87F7A6C938BE}.Debug|Any CPU.ActiveCfg = Debug|Any CPU
		{F76B2DA4-35E8-4127-9350-87F7A6C938BE}.Debug|Any CPU.Build.0 = Debug|Any CPU
		{F76B2DA4-35E8-4127-9350-87F7A6C938BE}.Release|Any CPU.ActiveCfg = Release|Any CPU
		{F76B2DA4-35E8-4127-9350-87F7A6C938BE}.Release|Any CPU.Build.0 = Release|Any CPU
		{CCA5638A-4561-4CCB-9904-7A5163681538}.Debug|Any CPU.ActiveCfg = Debug|Any CPU
		{CCA5638A-4561-4CCB-9904-7A5163681538}.Debug|Any CPU.Build.0 = Debug|Any CPU
		{CCA5638A-4561-4CCB-9904-7A5163681538}.Release|Any CPU.ActiveCfg = Release|Any CPU
		{CCA5638A-4561-4CCB-9904-7A5163681538}.Release|Any CPU.Build.0 = Release|Any CPU
	EndGlobalSection
	GlobalSection(SolutionProperties) = preSolution
		HideSolutionNode = FALSE
	EndGlobalSection
	GlobalSection(ExtensibilityGlobals) = postSolution
		SolutionGuid = {E5331010-8D08-4303-BEAE-EADBAE141EB0}
	EndGlobalSection
EndGlobal
